
Microsoft Visual Studio Solution File, Format Version 12.00
# Visual Studio Version 17
VisualStudioVersion = 17.7.34031.279
MinimumVisualStudioVersion = 10.0.40219.1
Project("{FAE04EC0-301F-11D3-BF4B-00C04F79EFBC}") = "SmartInvest", "SmartInvest.csproj", "{F485908B-AD7C-4C17-9086-9AE84E957E8F}"
EndProject
Global
	GlobalSection(SolutionConfigurationPlatforms) = preSolution
		Debug|Any CPU = Debug|Any CPU
		Release|Any CPU = Release|Any CPU
	EndGlobalSection
	GlobalSection(ProjectConfigurationPlatforms) = postSolution
		{F485908B-AD7C-4C17-9086-9AE84E957E8F}.Debug|Any CPU.ActiveCfg = Debug|Any CPU
		{F485908B-AD7C-4C17-9086-9AE84E957E8F}.Debug|Any CPU.Build.0 = Debug|Any CPU
		{F485908B-AD7C-4C17-9086-9AE84E957E8F}.Release|Any CPU.ActiveCfg = Release|Any CPU
		{F485908B-AD7C-4C17-9086-9AE84E957E8F}.Release|Any CPU.Build.0 = Release|Any CPU
	EndGlobalSection
	GlobalSection(SolutionProperties) = preSolution
		HideSolutionNode = FALSE
	EndGlobalSection
	GlobalSection(ExtensibilityGlobals) = postSolution
		SolutionGuid = {DF1539D5-D1EB-4462-B17B-814A3E9626CA}
	EndGlobalSection
EndGlobal
